
Microsoft Visual Studio Solution File, Format Version 12.00
# Visual Studio Version 17
VisualStudioVersion = 17.11.35303.130
MinimumVisualStudioVersion = 10.0.40219.1
Project("{C9674DCB-5085-4A16-B785-4C70DD1589BD}") = "SolucionParaAnio2018SM19035", "SolucionParaAnio2018SM19035.dtproj", "{47CF3FB4-35F2-45B3-ACFC-3D67B9C3FF16}"
EndProject
Global
	GlobalSection(SolutionConfigurationPlatforms) = preSolution
		Development|Default = Development|Default
	EndGlobalSection
	GlobalSection(ProjectConfigurationPlatforms) = postSolution
		{47CF3FB4-35F2-45B3-ACFC-3D67B9C3FF16}.Development|Default.ActiveCfg = Development
		{47CF3FB4-35F2-45B3-ACFC-3D67B9C3FF16}.Development|Default.Build.0 = Development
	EndGlobalSection
	GlobalSection(SolutionProperties) = preSolution
		HideSolutionNode = FALSE
	EndGlobalSection
	GlobalSection(ExtensibilityGlobals) = postSolution
		SolutionGuid = {89DB9A76-E235-4661-A7E8-FF9DE75BD127}
	EndGlobalSection
EndGlobal
